{
  "name": "NodeJs Assignments",
  "lockfileVersion": 2,
  "requires": true,
  "packages": {
    "": {
      "dependencies": {
        "moment-strftime": "^0.5.0"
      }
    },
    "node_modules/moment": {
      "version": "2.29.1",
      "resolved": "https://registry.npmjs.org/moment/-/moment-2.29.1.tgz",
      "integrity": "sha512-kHmoybcPV8Sqy59DwNDY3Jefr64lK/by/da0ViFcuA4DH0vQg5Q6Ze5VimxkfQNSC+Mls/Kx53s7TjP1RhFEDQ==",
      "engines": {
        "node": "*"
      }
    },
    "node_modules/moment-strftime": {
      "version": "0.5.0",
      "resolved": "https://registry.npmjs.org/moment-strftime/-/moment-strftime-0.5.0.tgz",
      "integrity": "sha512-0gwXdJEY1nD1YMlH9nLbDl+HLMfprzfxT2+qDkl29jGgDlVHzPCdwBBN0DPgY+e3+ur7tfdngxweKYBiT80nEA==",
      "dependencies": {
        "moment": "^2.11.2"
      },
      "engines": {
        "node": "*"
      }
    }
  },
  "dependencies": {
    "moment": {
      "version": "2.29.1",
      "resolved": "https://registry.npmjs.org/moment/-/moment-2.29.1.tgz",
      "integrity": "sha512-kHmoybcPV8Sqy59DwNDY3Jefr64lK/by/da0ViFcuA4DH0vQg5Q6Ze5VimxkfQNSC+Mls/Kx53s7TjP1RhFEDQ=="
    },
    "moment-strftime": {
      "version": "0.5.0",
      "resolved": "https://registry.npmjs.org/moment-strftime/-/moment-strftime-0.5.0.tgz",
      "integrity": "sha512-0gwXdJEY1nD1YMlH9nLbDl+HLMfprzfxT2+qDkl29jGgDlVHzPCdwBBN0DPgY+e3+ur7tfdngxweKYBiT80nEA==",
      "requires": {
        "moment": "^2.11.2"
      }
    }
  }
}
